
Microsoft Visual Studio Solution File, Format Version 12.00
# Visual Studio Version 17
VisualStudioVersion = 17.7.34031.279
MinimumVisualStudioVersion = 10.0.40219.1
Project("{FAE04EC0-301F-11D3-BF4B-00C04F79EFBC}") = "WinFormsApp1", "WinFormsApp1\WinFormsApp1.csproj", "{A6530A37-CB60-4F6A-9187-AC8EFD3BECAF}"
EndProject
Global
	GlobalSection(SolutionConfigurationPlatforms) = preSolution
		Debug|Any CPU = Debug|Any CPU
		Release|Any CPU = Release|Any CPU
	EndGlobalSection
	GlobalSection(ProjectConfigurationPlatforms) = postSolution
		{A6530A37-CB60-4F6A-9187-AC8EFD3BECAF}.Debug|Any CPU.ActiveCfg = Debug|Any CPU
		{A6530A37-CB60-4F6A-9187-AC8EFD3BECAF}.Debug|Any CPU.Build.0 = Debug|Any CPU
		{A6530A37-CB60-4F6A-9187-AC8EFD3BECAF}.Release|Any CPU.ActiveCfg = Release|Any CPU
		{A6530A37-CB60-4F6A-9187-AC8EFD3BECAF}.Release|Any CPU.Build.0 = Release|Any CPU
	EndGlobalSection
	GlobalSection(SolutionProperties) = preSolution
		HideSolutionNode = FALSE
	EndGlobalSection
	GlobalSection(ExtensibilityGlobals) = postSolution
		SolutionGuid = {98C577F8-281D-40B1-99F2-6E0CA3C36640}
	EndGlobalSection
EndGlobal
